{
  "requires": true,
  "lockfileVersion": 1,
  "dependencies": {
    "ajv": {
      "version": "5.2.0",
      "resolved": "http://registry.npm.taobao.org/ajv/download/ajv-5.2.0.tgz",
      "integrity": "sha1-wXNQJMXaLvdcwZBxMHPUTwmL9IY=",
      "requires": {
        "co": "4.6.0",
        "fast-deep-equal": "0.1.0",
        "json-schema-traverse": "0.3.1",
        "json-stable-stringify": "1.0.1"
      }
    },
    "brace": {
      "version": "0.10.0",
      "resolved": "http://registry.npm.taobao.org/brace/download/brace-0.10.0.tgz",
      "integrity": "sha1-7e9OubCSi6HuX3F//BV3SabdXXY=",
      "requires": {
        "w3c-blob": "0.0.1"
      }
    },
    "co": {
      "version": "4.6.0",
      "resolved": "http://registry.npm.taobao.org/co/download/co-4.6.0.tgz",
      "integrity": "sha1-bqa989hTrlTMuOR7+gvz+QMfsYQ="
    },
    "fast-deep-equal": {
      "version": "0.1.0",
      "resolved": "http://registry.npm.taobao.org/fast-deep-equal/download/fast-deep-equal-0.1.0.tgz",
      "integrity": "sha1-XG9FmaumszPuM0Li7ZeGcvEAH40="
    },
    "javascript-natural-sort": {
      "version": "0.7.1",
      "resolved": "http://registry.npm.taobao.org/javascript-natural-sort/download/javascript-natural-sort-0.7.1.tgz",
      "integrity": "sha1-+eIwPUUH9tdDVac2ZNFED7Wg71k="
    },
    "json-schema-traverse": {
      "version": "0.3.1",
      "resolved": "http://registry.npm.taobao.org/json-schema-traverse/download/json-schema-traverse-0.3.1.tgz",
      "integrity": "sha1-NJptRMU6Ud6JtAgFxdXlm0F9M0A="
    },
    "json-stable-stringify": {
      "version": "1.0.1",
      "resolved": "http://registry.npm.taobao.org/json-stable-stringify/download/json-stable-stringify-1.0.1.tgz",
      "integrity": "sha1-mnWdOcXy/1A/1TAGRu1EX4jE+a8=",
      "requires": {
        "jsonify": "0.0.0"
      }
    },
    "jsoneditor": {
      "version": "5.9.3",
      "resolved": "http://registry.npm.taobao.org/jsoneditor/download/jsoneditor-5.9.3.tgz",
      "integrity": "sha1-BiK9UwKJxpxVjry0/Nl71sj0RMQ=",
      "requires": {
        "ajv": "5.2.0",
        "brace": "0.10.0",
        "javascript-natural-sort": "0.7.1"
      }
    },
    "jsonify": {
      "version": "0.0.0",
      "resolved": "http://registry.npm.taobao.org/jsonify/download/jsonify-0.0.0.tgz",
      "integrity": "sha1-LHS27kHZPKUbe1qu6PUDYx0lKnM="
    },
    "vue": {
      "version": "2.4.2",
      "resolved": "http://registry.npm.taobao.org/vue/download/vue-2.4.2.tgz",
      "integrity": "sha1-qYVSYfGRyXjMDcEVBTG40IFJtYw="
    },
    "w3c-blob": {
      "version": "0.0.1",
      "resolved": "http://registry.npm.taobao.org/w3c-blob/download/w3c-blob-0.0.1.tgz",
      "integrity": "sha1-sM01KhpQ9RVWNCD/1YYflQ8dhbg="
    }
  }
}
